
Microsoft Visual Studio Solution File, Format Version 12.00
# Visual Studio Version 17
VisualStudioVersion = 17.9.34622.214
MinimumVisualStudioVersion = 10.0.40219.1
Project("{FAE04EC0-301F-11D3-BF4B-00C04F79EFBC}") = "SDA_Pr01_01", "SDA_Pr01_01\SDA_Pr01_01.csproj", "{74FB24F1-9BED-4AF3-97F6-437ED2F0B4D6}"
EndProject
Global
	GlobalSection(SolutionConfigurationPlatforms) = preSolution
		Debug|Any CPU = Debug|Any CPU
		Release|Any CPU = Release|Any CPU
	EndGlobalSection
	GlobalSection(ProjectConfigurationPlatforms) = postSolution
		{74FB24F1-9BED-4AF3-97F6-437ED2F0B4D6}.Debug|Any CPU.ActiveCfg = Debug|Any CPU
		{74FB24F1-9BED-4AF3-97F6-437ED2F0B4D6}.Debug|Any CPU.Build.0 = Debug|Any CPU
		{74FB24F1-9BED-4AF3-97F6-437ED2F0B4D6}.Release|Any CPU.ActiveCfg = Release|Any CPU
		{74FB24F1-9BED-4AF3-97F6-437ED2F0B4D6}.Release|Any CPU.Build.0 = Release|Any CPU
	EndGlobalSection
	GlobalSection(SolutionProperties) = preSolution
		HideSolutionNode = FALSE
	EndGlobalSection
	GlobalSection(ExtensibilityGlobals) = postSolution
		SolutionGuid = {E28FEC10-AF5A-470C-9A10-0638AC6FEEF6}
	EndGlobalSection
EndGlobal
